
Microsoft Visual Studio Solution File, Format Version 12.00
# Visual Studio Version 16
VisualStudioVersion = 16.0.29306.81
MinimumVisualStudioVersion = 10.0.40219.1
Project("{FAE04EC0-301F-11D3-BF4B-00C04F79EFBC}") = "My First Web App", "My First Web App\My First Web App.csproj", "{4A61DB05-0F8C-4FCD-87BD-84AB9C53D5CE}"
EndProject
Global
	GlobalSection(SolutionConfigurationPlatforms) = preSolution
		Debug|Any CPU = Debug|Any CPU
		Release|Any CPU = Release|Any CPU
	EndGlobalSection
	GlobalSection(ProjectConfigurationPlatforms) = postSolution
		{4A61DB05-0F8C-4FCD-87BD-84AB9C53D5CE}.Debug|Any CPU.ActiveCfg = Debug|Any CPU
		{4A61DB05-0F8C-4FCD-87BD-84AB9C53D5CE}.Debug|Any CPU.Build.0 = Debug|Any CPU
		{4A61DB05-0F8C-4FCD-87BD-84AB9C53D5CE}.Release|Any CPU.ActiveCfg = Release|Any CPU
		{4A61DB05-0F8C-4FCD-87BD-84AB9C53D5CE}.Release|Any CPU.Build.0 = Release|Any CPU
	EndGlobalSection
	GlobalSection(SolutionProperties) = preSolution
		HideSolutionNode = FALSE
	EndGlobalSection
	GlobalSection(ExtensibilityGlobals) = postSolution
		SolutionGuid = {77870F8E-6179-4C40-AA13-8FE4BCE2C69D}
	EndGlobalSection
EndGlobal
